// !$*UTF8*$!
{
	archiveVersion = 1;
	classes = {
	};
	objectVersion = 55;
	objects = {

/* Begin PBXBuildFile section */
		4802123E28756099006B6376 /* Recursion-1.cpp in Sources */ = {isa = PBXBuildFile; fileRef = 4802123C28756099006B6376 /* Recursion-1.cpp */; };
		4813A8D42877F52100101A7D /* Recursion-Fibonacci.cpp in Sources */ = {isa = PBXBuildFile; fileRef = 4813A8D32877F52100101A7D /* Recursion-Fibonacci.cpp */; };
		4827E331287CA31D00135CCB /* Prime.cpp in Sources */ = {isa = PBXBuildFile; fileRef = 4827E32F287CA31D00135CCB /* Prime.cpp */; };
		4827E333287D4A6500135CCB /* Hash.cpp in Sources */ = {isa = PBXBuildFile; fileRef = 4824AC5F28728AA60056779D /* Hash.cpp */; };
		4863E4F5287930FB009657F1 /* Risk.cpp in Sources */ = {isa = PBXBuildFile; fileRef = 4863E4F3287930FB009657F1 /* Risk.cpp */; };
		489AE2D4287F839300644B8D /* LinkedList.cpp in Sources */ = {isa = PBXBuildFile; fileRef = 489AE2D2287F839300644B8D /* LinkedList.cpp */; };
/* End PBXBuildFile section */

/* Begin PBXCopyFilesBuildPhase section */
		4824AC5A28728AA60056779D /* CopyFiles */ = {
			isa = PBXCopyFilesBuildPhase;
			buildActionMask = 2147483647;
			dstPath = /usr/share/man/man1/;
			dstSubfolderSpec = 0;
			files = (
			);
			runOnlyForDeploymentPostprocessing = 1;
		};
/* End PBXCopyFilesBuildPhase section */

/* Begin PBXFileReference section */
		4802123C28756099006B6376 /* Recursion-1.cpp */ = {isa = PBXFileReference; fileEncoding = 4; lastKnownFileType = sourcecode.cpp.cpp; path = "Recursion-1.cpp"; sourceTree = "<group>"; };
		4813A8D32877F52100101A7D /* Recursion-Fibonacci.cpp */ = {isa = PBXFileReference; lastKnownFileType = sourcecode.cpp.cpp; path = "Recursion-Fibonacci.cpp"; sourceTree = "<group>"; };
		4824AC5C28728AA60056779D /* Fun-With-Cpp */ = {isa = PBXFileReference; explicitFileType = "compiled.mach-o.executable"; includeInIndex = 0; path = "Fun-With-Cpp"; sourceTree = BUILT_PRODUCTS_DIR; };
		4824AC5F28728AA60056779D /* Hash.cpp */ = {isa = PBXFileReference; lastKnownFileType = sourcecode.cpp.cpp; path = Hash.cpp; sourceTree = "<group>"; };
		4827E32F287CA31D00135CCB /* Prime.cpp */ = {isa = PBXFileReference; lastKnownFileType = sourcecode.cpp.cpp; path = Prime.cpp; sourceTree = "<group>"; };
		4827E330287CA31D00135CCB /* Prime.hpp */ = {isa = PBXFileReference; lastKnownFileType = sourcecode.cpp.h; path = Prime.hpp; sourceTree = "<group>"; };
		4863E4F3287930FB009657F1 /* Risk.cpp */ = {isa = PBXFileReference; lastKnownFileType = sourcecode.cpp.cpp; path = Risk.cpp; sourceTree = "<group>"; };
		4863E4F4287930FB009657F1 /* dice.hpp */ = {isa = PBXFileReference; lastKnownFileType = sourcecode.cpp.h; path = dice.hpp; sourceTree = "<group>"; };
		4868B18C287FD06D00B2ED2C /* Game.h */ = {isa = PBXFileReference; lastKnownFileType = sourcecode.c.h; path = Game.h; sourceTree = "<group>"; };
		489AE2D2287F839300644B8D /* LinkedList.cpp */ = {isa = PBXFileReference; lastKnownFileType = sourcecode.cpp.cpp; path = LinkedList.cpp; sourceTree = "<group>"; };
		489AE2D3287F839300644B8D /* LinkedList.hpp */ = {isa = PBXFileReference; lastKnownFileType = sourcecode.cpp.h; path = LinkedList.hpp; sourceTree = "<group>"; };
		48CA9EEB287355A400470577 /* Hash.hpp */ = {isa = PBXFileReference; explicitFileType = sourcecode.cpp.h; path = Hash.hpp; sourceTree = "<group>"; };
/* End PBXFileReference section */

/* Begin PBXFrameworksBuildPhase section */
		4824AC5928728AA60056779D /* Frameworks */ = {
			isa = PBXFrameworksBuildPhase;
			buildActionMask = 2147483647;
			files = (
			);
			runOnlyForDeploymentPostprocessing = 0;
		};
/* End PBXFrameworksBuildPhase section */

/* Begin PBXGroup section */
		4802123B28756099006B6376 /* Recursion */ = {
			isa = PBXGroup;
			children = (
				4802123C28756099006B6376 /* Recursion-1.cpp */,
				4813A8D32877F52100101A7D /* Recursion-Fibonacci.cpp */,
			);
			path = Recursion;
			sourceTree = "<group>";
		};
		4824AC5328728AA60056779D = {
			isa = PBXGroup;
			children = (
				489AE2D5287F83B900644B8D /* LinkedList */,
				4827E332287CA33B00135CCB /* Prime */,
				4863E4F62879312F009657F1 /* Dice */,
				4837930D287560E300BFCF57 /* HashTable */,
				4802123B28756099006B6376 /* Recursion */,
				4824AC5D28728AA60056779D /* Products */,
			);
			sourceTree = "<group>";
		};
		4824AC5D28728AA60056779D /* Products */ = {
			isa = PBXGroup;
			children = (
				4824AC5C28728AA60056779D /* Fun-With-Cpp */,
			);
			name = Products;
			sourceTree = "<group>";
		};
		4827E332287CA33B00135CCB /* Prime */ = {
			isa = PBXGroup;
			children = (
				4827E330287CA31D00135CCB /* Prime.hpp */,
				4827E32F287CA31D00135CCB /* Prime.cpp */,
			);
			path = Prime;
			sourceTree = "<group>";
		};
		4837930D287560E300BFCF57 /* HashTable */ = {
			isa = PBXGroup;
			children = (
				48CA9EEB287355A400470577 /* Hash.hpp */,
				4824AC5F28728AA60056779D /* Hash.cpp */,
			);
			path = HashTable;
			sourceTree = "<group>";
		};
		4863E4F62879312F009657F1 /* Dice */ = {
			isa = PBXGroup;
			children = (
				4868B18C287FD06D00B2ED2C /* Game.h */,
				4863E4F4287930FB009657F1 /* dice.hpp */,
				4863E4F3287930FB009657F1 /* Risk.cpp */,
			);
			path = Dice;
			sourceTree = "<group>";
		};
		489AE2D5287F83B900644B8D /* LinkedList */ = {
			isa = PBXGroup;
			children = (
				489AE2D3287F839300644B8D /* LinkedList.hpp */,
				489AE2D2287F839300644B8D /* LinkedList.cpp */,
			);
			path = LinkedList;
			sourceTree = "<group>";
		};
/* End PBXGroup section */

/* Begin PBXNativeTarget section */
		4824AC5B28728AA60056779D /* Fun-With-Cpp */ = {
			isa = PBXNativeTarget;
			buildConfigurationList = 4824AC6328728AA70056779D /* Build configuration list for PBXNativeTarget "Fun-With-Cpp" */;
			buildPhases = (
				4824AC5828728AA60056779D /* Sources */,
				4824AC5928728AA60056779D /* Frameworks */,
				4824AC5A28728AA60056779D /* CopyFiles */,
			);
			buildRules = (
			);
			dependencies = (
			);
			name = "Fun-With-Cpp";
			productName = "Fun-With-Cpp";
			productReference = 4824AC5C28728AA60056779D /* Fun-With-Cpp */;
			productType = "com.apple.product-type.tool";
		};
/* End PBXNativeTarget section */

/* Begin PBXProject section */
		4824AC5428728AA60056779D /* Project object */ = {
			isa = PBXProject;
			attributes = {
				BuildIndependentTargetsInParallel = 1;
				LastUpgradeCheck = 1340;
				TargetAttributes = {
					4824AC5B28728AA60056779D = {
						CreatedOnToolsVersion = 13.4.1;
					};
				};
			};
			buildConfigurationList = 4824AC5728728AA60056779D /* Build configuration list for PBXProject "Cpp" */;
			compatibilityVersion = "Xcode 13.0";
			developmentRegion = en;
			hasScannedForEncodings = 0;
			knownRegions = (
				en,
				Base,
			);
			mainGroup = 4824AC5328728AA60056779D;
			productRefGroup = 4824AC5D28728AA60056779D /* Products */;
			projectDirPath = "";
			projectRoot = "";
			targets = (
				4824AC5B28728AA60056779D /* Fun-With-Cpp */,
			);
		};
/* End PBXProject section */

/* Begin PBXSourcesBuildPhase section */
		4824AC5828728AA60056779D /* Sources */ = {
			isa = PBXSourcesBuildPhase;
			buildActionMask = 2147483647;
			files = (
				4802123E28756099006B6376 /* Recursion-1.cpp in Sources */,
				4813A8D42877F52100101A7D /* Recursion-Fibonacci.cpp in Sources */,
				4827E331287CA31D00135CCB /* Prime.cpp in Sources */,
				4827E333287D4A6500135CCB /* Hash.cpp in Sources */,
				489AE2D4287F839300644B8D /* LinkedList.cpp in Sources */,
				4863E4F5287930FB009657F1 /* Risk.cpp in Sources */,
			);
			runOnlyForDeploymentPostprocessing = 0;
		};
/* End PBXSourcesBuildPhase section */

/* Begin XCBuildConfiguration section */
		4824AC6128728AA60056779D /* Debug */ = {
			isa = XCBuildConfiguration;
			buildSettings = {
				ALWAYS_SEARCH_USER_PATHS = NO;
				CLANG_ANALYZER_NONNULL = YES;
				CLANG_ANALYZER_NUMBER_OBJECT_CONVERSION = YES_AGGRESSIVE;
				CLANG_CXX_LANGUAGE_STANDARD = "gnu++17";
				CLANG_ENABLE_MODULES = YES;
				CLANG_ENABLE_OBJC_ARC = YES;
				CLANG_ENABLE_OBJC_WEAK = YES;
				CLANG_WARN_BLOCK_CAPTURE_AUTORELEASING = YES;
				CLANG_WARN_BOOL_CONVERSION = YES;
				CLANG_WARN_COMMA = YES;
				CLANG_WARN_CONSTANT_CONVERSION = YES;
				CLANG_WARN_DEPRECATED_OBJC_IMPLEMENTATIONS = YES;
				CLANG_WARN_DIRECT_OBJC_ISA_USAGE = YES_ERROR;
				CLANG_WARN_DOCUMENTATION_COMMENTS = YES;
				CLANG_WARN_EMPTY_BODY = YES;
				CLANG_WARN_ENUM_CONVERSION = YES;
				CLANG_WARN_INFINITE_RECURSION = YES;
				CLANG_WARN_INT_CONVERSION = YES;
				CLANG_WARN_NON_LITERAL_NULL_CONVERSION = YES;
				CLANG_WARN_OBJC_IMPLICIT_RETAIN_SELF = YES;
				CLANG_WARN_OBJC_LITERAL_CONVERSION = YES;
				CLANG_WARN_OBJC_ROOT_CLASS = YES_ERROR;
				CLANG_WARN_QUOTED_INCLUDE_IN_FRAMEWORK_HEADER = YES;
				CLANG_WARN_RANGE_LOOP_ANALYSIS = YES;
				CLANG_WARN_STRICT_PROTOTYPES = YES;
				CLANG_WARN_SUSPICIOUS_MOVE = YES;
				CLANG_WARN_UNGUARDED_AVAILABILITY = YES_AGGRESSIVE;
				CLANG_WARN_UNREACHABLE_CODE = YES;
				CLANG_WARN__DUPLICATE_METHOD_MATCH = YES;
				COPY_PHASE_STRIP = NO;
				DEBUG_INFORMATION_FORMAT = dwarf;
				ENABLE_STRICT_OBJC_MSGSEND = YES;
				ENABLE_TESTABILITY = YES;
				GCC_C_LANGUAGE_STANDARD = gnu11;
				GCC_DYNAMIC_NO_PIC = NO;
				GCC_NO_COMMON_BLOCKS = YES;
				GCC_OPTIMIZATION_LEVEL = 0;
				GCC_PREPROCESSOR_DEFINITIONS = (
					"DEBUG=1",
					"$(inherited)",
				);
				GCC_WARN_64_TO_32_BIT_CONVERSION = YES;
				GCC_WARN_ABOUT_RETURN_TYPE = YES_ERROR;
				GCC_WARN_UNDECLARED_SELECTOR = YES;
				GCC_WARN_UNINITIALIZED_AUTOS = YES_AGGRESSIVE;
				GCC_WARN_UNUSED_FUNCTION = YES;
				GCC_WARN_UNUSED_VARIABLE = YES;
				MACOSX_DEPLOYMENT_TARGET = 12.3;
				MTL_ENABLE_DEBUG_INFO = INCLUDE_SOURCE;
				MTL_FAST_MATH = YES;
				ONLY_ACTIVE_ARCH = YES;
				SDKROOT = macosx;
			};
			name = Debug;
		};
		4824AC6228728AA60056779D /* Release */ = {
			isa = XCBuildConfiguration;
			buildSettings = {
				ALWAYS_SEARCH_USER_PATHS = NO;
				CLANG_ANALYZER_NONNULL = YES;
				CLANG_ANALYZER_NUMBER_OBJECT_CONVERSION = YES_AGGRESSIVE;
				CLANG_CXX_LANGUAGE_STANDARD = "gnu++17";
				CLANG_ENABLE_MODULES = YES;
				CLANG_ENABLE_OBJC_ARC = YES;
				CLANG_ENABLE_OBJC_WEAK = YES;
				CLANG_WARN_BLOCK_CAPTURE_AUTORELEASING = YES;
				CLANG_WARN_BOOL_CONVERSION = YES;
				CLANG_WARN_COMMA = YES;
				CLANG_WARN_CONSTANT_CONVERSION = YES;
				CLANG_WARN_DEPRECATED_OBJC_IMPLEMENTATIONS = YES;
				CLANG_WARN_DIRECT_OBJC_ISA_USAGE = YES_ERROR;
				CLANG_WARN_DOCUMENTATION_COMMENTS = YES;
				CLANG_WARN_EMPTY_BODY = YES;
				CLANG_WARN_ENUM_CONVERSION = YES;
				CLANG_WARN_INFINITE_RECURSION = YES;
				CLANG_WARN_INT_CONVERSION = YES;
				CLANG_WARN_NON_LITERAL_NULL_CONVERSION = YES;
				CLANG_WARN_OBJC_IMPLICIT_RETAIN_SELF = YES;
				CLANG_WARN_OBJC_LITERAL_CONVERSION = YES;
				CLANG_WARN_OBJC_ROOT_CLASS = YES_ERROR;
				CLANG_WARN_QUOTED_INCLUDE_IN_FRAMEWORK_HEADER = YES;
				CLANG_WARN_RANGE_LOOP_ANALYSIS = YES;
				CLANG_WARN_STRICT_PROTOTYPES = YES;
				CLANG_WARN_SUSPICIOUS_MOVE = YES;
				CLANG_WARN_UNGUARDED_AVAILABILITY = YES_AGGRESSIVE;
				CLANG_WARN_UNREACHABLE_CODE = YES;
				CLANG_WARN__DUPLICATE_METHOD_MATCH = YES;
				COPY_PHASE_STRIP = NO;
				DEBUG_INFORMATION_FORMAT = "dwarf-with-dsym";
				ENABLE_NS_ASSERTIONS = NO;
				ENABLE_STRICT_OBJC_MSGSEND = YES;
				GCC_C_LANGUAGE_STANDARD = gnu11;
				GCC_NO_COMMON_BLOCKS = YES;
				GCC_WARN_64_TO_32_BIT_CONVERSION = YES;
				GCC_WARN_ABOUT_RETURN_TYPE = YES_ERROR;
				GCC_WARN_UNDECLARED_SELECTOR = YES;
				GCC_WARN_UNINITIALIZED_AUTOS = YES_AGGRESSIVE;
				GCC_WARN_UNUSED_FUNCTION = YES;
				GCC_WARN_UNUSED_VARIABLE = YES;
				MACOSX_DEPLOYMENT_TARGET = 12.3;
				MTL_ENABLE_DEBUG_INFO = NO;
				MTL_FAST_MATH = YES;
				SDKROOT = macosx;
			};
			name = Release;
		};
		4824AC6428728AA70056779D /* Debug */ = {
			isa = XCBuildConfiguration;
			buildSettings = {
				CODE_SIGN_STYLE = Automatic;
				DEVELOPMENT_TEAM = VHU29LA226;
				ENABLE_HARDENED_RUNTIME = YES;
				PRODUCT_NAME = "$(TARGET_NAME)";
			};
			name = Debug;
		};
		4824AC6528728AA70056779D /* Release */ = {
			isa = XCBuildConfiguration;
			buildSettings = {
				CODE_SIGN_STYLE = Automatic;
				DEVELOPMENT_TEAM = VHU29LA226;
				ENABLE_HARDENED_RUNTIME = YES;
				PRODUCT_NAME = "$(TARGET_NAME)";
			};
			name = Release;
		};
/* End XCBuildConfiguration section */

/* Begin XCConfigurationList section */
		4824AC5728728AA60056779D /* Build configuration list for PBXProject "Cpp" */ = {
			isa = XCConfigurationList;
			buildConfigurations = (
				4824AC6128728AA60056779D /* Debug */,
				4824AC6228728AA60056779D /* Release */,
			);
			defaultConfigurationIsVisible = 0;
			defaultConfigurationName = Release;
		};
		4824AC6328728AA70056779D /* Build configuration list for PBXNativeTarget "Fun-With-Cpp" */ = {
			isa = XCConfigurationList;
			buildConfigurations = (
				4824AC6428728AA70056779D /* Debug */,
				4824AC6528728AA70056779D /* Release */,
			);
			defaultConfigurationIsVisible = 0;
			defaultConfigurationName = Release;
		};
/* End XCConfigurationList section */
	};
	rootObject = 4824AC5428728AA60056779D /* Project object */;
}
